
Microsoft Visual Studio Solution File, Format Version 12.00
# Visual Studio 15
VisualStudioVersion = 15.0.28307.421
MinimumVisualStudioVersion = 10.0.40219.1
Project("{F2A71F9B-5D33-465A-A702-920D77279786}") = "Parser", "Parser\Parser.fsproj", "{802EBDF7-6509-4AF0-923D-9BB1656C1533}"
EndProject
Global
	GlobalSection(SolutionConfigurationPlatforms) = preSolution
		Debug|Any CPU = Debug|Any CPU
		Release|Any CPU = Release|Any CPU
	EndGlobalSection
	GlobalSection(ProjectConfigurationPlatforms) = postSolution
		{802EBDF7-6509-4AF0-923D-9BB1656C1533}.Debug|Any CPU.ActiveCfg = Debug|Any CPU
		{802EBDF7-6509-4AF0-923D-9BB1656C1533}.Debug|Any CPU.Build.0 = Debug|Any CPU
		{802EBDF7-6509-4AF0-923D-9BB1656C1533}.Release|Any CPU.ActiveCfg = Release|Any CPU
		{802EBDF7-6509-4AF0-923D-9BB1656C1533}.Release|Any CPU.Build.0 = Release|Any CPU
	EndGlobalSection
	GlobalSection(SolutionProperties) = preSolution
		HideSolutionNode = FALSE
	EndGlobalSection
	GlobalSection(ExtensibilityGlobals) = postSolution
		SolutionGuid = {896D1BC3-5910-440E-B64A-0ED6DFF26781}
	EndGlobalSection
EndGlobal
